
Microsoft Visual Studio Solution File, Format Version 12.00
# Visual Studio Version 17
VisualStudioVersion = 17.9.34723.18
MinimumVisualStudioVersion = 10.0.40219.1
Project("{9A19103F-16F7-4668-BE54-9A1E7A4F7556}") = "TodoListBlazorWasm", "TodoListBlazorWasm\TodoListBlazorWasm.csproj", "{B7B1F25C-5754-4A36-85D8-A9574AC57E80}"
EndProject
Project("{9A19103F-16F7-4668-BE54-9A1E7A4F7556}") = "TodoList.API", "TodoList.API\TodoList.API.csproj", "{A54B3632-643C-4010-9D87-A21CF5B0DCC7}"
EndProject
Project("{9A19103F-16F7-4668-BE54-9A1E7A4F7556}") = "TodoList.Models", "TodoList.Models\TodoList.Models.csproj", "{8A8C4493-D463-4997-A2BA-4E453C26DEBE}"
EndProject
Global
	GlobalSection(SolutionConfigurationPlatforms) = preSolution
		Debug|Any CPU = Debug|Any CPU
		Release|Any CPU = Release|Any CPU
	EndGlobalSection
	GlobalSection(ProjectConfigurationPlatforms) = postSolution
		{B7B1F25C-5754-4A36-85D8-A9574AC57E80}.Debug|Any CPU.ActiveCfg = Debug|Any CPU
		{B7B1F25C-5754-4A36-85D8-A9574AC57E80}.Debug|Any CPU.Build.0 = Debug|Any CPU
		{B7B1F25C-5754-4A36-85D8-A9574AC57E80}.Release|Any CPU.ActiveCfg = Release|Any CPU
		{B7B1F25C-5754-4A36-85D8-A9574AC57E80}.Release|Any CPU.Build.0 = Release|Any CPU
		{A54B3632-643C-4010-9D87-A21CF5B0DCC7}.Debug|Any CPU.ActiveCfg = Debug|Any CPU
		{A54B3632-643C-4010-9D87-A21CF5B0DCC7}.Debug|Any CPU.Build.0 = Debug|Any CPU
		{A54B3632-643C-4010-9D87-A21CF5B0DCC7}.Release|Any CPU.ActiveCfg = Release|Any CPU
		{A54B3632-643C-4010-9D87-A21CF5B0DCC7}.Release|Any CPU.Build.0 = Release|Any CPU
		{8A8C4493-D463-4997-A2BA-4E453C26DEBE}.Debug|Any CPU.ActiveCfg = Debug|Any CPU
		{8A8C4493-D463-4997-A2BA-4E453C26DEBE}.Debug|Any CPU.Build.0 = Debug|Any CPU
		{8A8C4493-D463-4997-A2BA-4E453C26DEBE}.Release|Any CPU.ActiveCfg = Release|Any CPU
		{8A8C4493-D463-4997-A2BA-4E453C26DEBE}.Release|Any CPU.Build.0 = Release|Any CPU
	EndGlobalSection
	GlobalSection(SolutionProperties) = preSolution
		HideSolutionNode = FALSE
	EndGlobalSection
	GlobalSection(ExtensibilityGlobals) = postSolution
		SolutionGuid = {299F796A-659F-475C-A3D3-25CBF3E3FFD8}
	EndGlobalSection
EndGlobal
